{
  "projects": [
    {
      "projectId": "9n35eQz37vKHQeuCHXPHwo",
      "version": "latest",
      "dependencies": {},
      "lang": "js",
      "fileLocks": [
        {
          "type": "globalVariant",
          "assetId": "j0Zyv8Tr7BOtZ2",
          "checksum": "b62ba78dbf2c33e5e2a74101abb551e9"
        },
        {
          "assetId": "9n35eQz37vKHQeuCHXPHwo",
          "type": "projectCss",
          "checksum": "4e9b962c6ee5d8a3ed86eb815e698a5f"
        },
        {
          "type": "renderModule",
          "assetId": "5vQjPW3bqMuqP",
          "checksum": "147bafb19de2a3bd7e64b971c51bb8cb"
        },
        {
          "type": "cssRules",
          "assetId": "5vQjPW3bqMuqP",
          "checksum": "147bafb19de2a3bd7e64b971c51bb8cb"
        },
        {
          "type": "renderModule",
          "assetId": "FThbuefNiac0C",
          "checksum": "51681ffbbdb36597691b44348e10e79b"
        },
        {
          "type": "cssRules",
          "assetId": "FThbuefNiac0C",
          "checksum": "51681ffbbdb36597691b44348e10e79b"
        },
        {
          "type": "renderModule",
          "assetId": "D0Z3blg4Fokcn",
          "checksum": "09a48ca8c38f0238c46c9c72d7304189"
        },
        {
          "type": "cssRules",
          "assetId": "D0Z3blg4Fokcn",
          "checksum": "09a48ca8c38f0238c46c9c72d7304189"
        },
        {
          "type": "renderModule",
          "assetId": "Wi4fdgLEBvNwe",
          "checksum": "9d1b3a33ad6be5df4f0a9213ec2f4ecf"
        },
        {
          "type": "cssRules",
          "assetId": "Wi4fdgLEBvNwe",
          "checksum": "9d1b3a33ad6be5df4f0a9213ec2f4ecf"
        },
        {
          "type": "renderModule",
          "assetId": "D0lgpUsdZ2nSN",
          "checksum": "26ffda09dd18c6548e077a95333c2c13"
        },
        {
          "type": "cssRules",
          "assetId": "D0lgpUsdZ2nSN",
          "checksum": "26ffda09dd18c6548e077a95333c2c13"
        },
        {
          "type": "renderModule",
          "assetId": "6KC2bgm4VSse6",
          "checksum": "be17ccda3ef9abb407a5612c89ce8595"
        },
        {
          "type": "cssRules",
          "assetId": "6KC2bgm4VSse6",
          "checksum": "be17ccda3ef9abb407a5612c89ce8595"
        },
        {
          "type": "renderModule",
          "assetId": "RfeOQGqsP9x0OF",
          "checksum": "3612d69dec598bc617a4fad36c0237af"
        },
        {
          "type": "cssRules",
          "assetId": "RfeOQGqsP9x0OF",
          "checksum": "3612d69dec598bc617a4fad36c0237af"
        },
        {
          "type": "renderModule",
          "assetId": "1HCnOiEwOJ1SI5",
          "checksum": "02a59d37da104f9212b9f8e8b647beb8"
        },
        {
          "type": "cssRules",
          "assetId": "1HCnOiEwOJ1SI5",
          "checksum": "02a59d37da104f9212b9f8e8b647beb8"
        },
        {
          "type": "renderModule",
          "assetId": "RjGtXxXRVjtZPP",
          "checksum": "33b3960542b657e81b547f0de5006e22"
        },
        {
          "type": "cssRules",
          "assetId": "RjGtXxXRVjtZPP",
          "checksum": "33b3960542b657e81b547f0de5006e22"
        },
        {
          "type": "renderModule",
          "assetId": "pYgavYs7vQSJ7j",
          "checksum": "a0aa2b3559dec2a8932ef001ecc8430d"
        },
        {
          "type": "cssRules",
          "assetId": "pYgavYs7vQSJ7j",
          "checksum": "a0aa2b3559dec2a8932ef001ecc8430d"
        },
        {
          "type": "renderModule",
          "assetId": "ZiKEx_7tA-XsuD",
          "checksum": "ea28f71b3606f17cc0b5cb0124df39b3"
        },
        {
          "type": "cssRules",
          "assetId": "ZiKEx_7tA-XsuD",
          "checksum": "ea28f71b3606f17cc0b5cb0124df39b3"
        },
        {
          "type": "renderModule",
          "assetId": "lH6JvVeqWbwLZQ",
          "checksum": "f7fd9ce26376715a3ddccbf07598788c"
        },
        {
          "type": "cssRules",
          "assetId": "lH6JvVeqWbwLZQ",
          "checksum": "f7fd9ce26376715a3ddccbf07598788c"
        },
        {
          "type": "renderModule",
          "assetId": "SWIuqyQJoFurIU",
          "checksum": "f75c9b74f4df3399325f6f356165df8c"
        },
        {
          "type": "cssRules",
          "assetId": "SWIuqyQJoFurIU",
          "checksum": "f75c9b74f4df3399325f6f356165df8c"
        },
        {
          "type": "renderModule",
          "assetId": "o8iQX_H8wfXAiN",
          "checksum": "0b8a0e8d9b24267d09dca6dcd6b259ad"
        },
        {
          "type": "cssRules",
          "assetId": "o8iQX_H8wfXAiN",
          "checksum": "0b8a0e8d9b24267d09dca6dcd6b259ad"
        },
        {
          "type": "renderModule",
          "assetId": "OMLjv4N7p4_JU7",
          "checksum": "c5f5da619921a1d0f6035abd87ad96a6"
        },
        {
          "type": "cssRules",
          "assetId": "OMLjv4N7p4_JU7",
          "checksum": "c5f5da619921a1d0f6035abd87ad96a6"
        },
        {
          "type": "renderModule",
          "assetId": "L2k-RkkWzfKy4S",
          "checksum": "87cd4c5ab0089bd8f2c2ccc012609ecf"
        },
        {
          "type": "cssRules",
          "assetId": "L2k-RkkWzfKy4S",
          "checksum": "87cd4c5ab0089bd8f2c2ccc012609ecf"
        },
        {
          "type": "renderModule",
          "assetId": "5IljxdVP5mSmVC",
          "checksum": "02cfd1545f9ef3a40b9783a24be8c410"
        },
        {
          "type": "cssRules",
          "assetId": "5IljxdVP5mSmVC",
          "checksum": "02cfd1545f9ef3a40b9783a24be8c410"
        },
        {
          "type": "renderModule",
          "assetId": "xkVlSnv318pZnv",
          "checksum": "8ec2c6d9b4b00dbf0b0bf0c3c3ea1b56"
        },
        {
          "type": "cssRules",
          "assetId": "xkVlSnv318pZnv",
          "checksum": "8ec2c6d9b4b00dbf0b0bf0c3c3ea1b56"
        },
        {
          "type": "renderModule",
          "assetId": "OXLOQKORASZGIo",
          "checksum": "56b761b40a476c7a3d7937efd9c08adb"
        },
        {
          "type": "cssRules",
          "assetId": "OXLOQKORASZGIo",
          "checksum": "56b761b40a476c7a3d7937efd9c08adb"
        },
        {
          "type": "renderModule",
          "assetId": "GiBoz5mPYbhbH5",
          "checksum": "301ef2043c0313016e26fdbd108c3a2c"
        },
        {
          "type": "cssRules",
          "assetId": "GiBoz5mPYbhbH5",
          "checksum": "301ef2043c0313016e26fdbd108c3a2c"
        },
        {
          "type": "renderModule",
          "assetId": "UCdzYIWgs-f8ml",
          "checksum": "bf2afac40753a5d0bcbeace7eb515031"
        },
        {
          "type": "cssRules",
          "assetId": "UCdzYIWgs-f8ml",
          "checksum": "bf2afac40753a5d0bcbeace7eb515031"
        },
        {
          "type": "renderModule",
          "assetId": "k7o7R5KA05BDU1",
          "checksum": "83810547883a694d9965f4afe7853a6a"
        },
        {
          "type": "cssRules",
          "assetId": "k7o7R5KA05BDU1",
          "checksum": "83810547883a694d9965f4afe7853a6a"
        },
        {
          "type": "renderModule",
          "assetId": "-OzwMuddIFsAXB",
          "checksum": "1670f41f42cb8d6869677da79cd4c76e"
        },
        {
          "type": "cssRules",
          "assetId": "-OzwMuddIFsAXB",
          "checksum": "1670f41f42cb8d6869677da79cd4c76e"
        },
        {
          "type": "icon",
          "assetId": "c5rjMfKKxYkDM2",
          "checksum": "24255686337fa73f3635e37a9b370327"
        },
        {
          "type": "icon",
          "assetId": "S5xRGvVGtklZAi",
          "checksum": "3bb3521c01607a0e13a47551bcb1fb61"
        },
        {
          "type": "icon",
          "assetId": "U3vvkvQMCWMF4k",
          "checksum": "6129e01d2b8f3747c9b71112f59ebaaa"
        },
        {
          "type": "icon",
          "assetId": "LjDUhRFmLeSvze",
          "checksum": "ad31bf11249951a4791c0501f72192a9"
        },
        {
          "type": "icon",
          "assetId": "1_mCPt-PhsAYzv",
          "checksum": "61f96738878b2592325cca5e471561e2"
        },
        {
          "type": "icon",
          "assetId": "kMex8Oh9LRIdiJ",
          "checksum": "e3d2c5376ae0c068ac3f1b21373e350c"
        },
        {
          "type": "icon",
          "assetId": "tghu1I1ShGkN7T",
          "checksum": "e18884dee5b0e20735865c048d601f5f"
        },
        {
          "type": "icon",
          "assetId": "37lX_NvfVSuvqs",
          "checksum": "c494b2470b0e88bd0a28b900ec043e28"
        },
        {
          "type": "icon",
          "assetId": "ktPYzhOqn8itaa",
          "checksum": "056b87b8dba166be571e3fd189f604e7"
        },
        {
          "type": "icon",
          "assetId": "qz7BjojwEkMjR0",
          "checksum": "7895ac6ad96b154c161a359789349fd9"
        },
        {
          "type": "icon",
          "assetId": "ha70iMDggX9KXp",
          "checksum": "755a3abd61955e6d3ca82be05898d551"
        },
        {
          "type": "icon",
          "assetId": "vnsKZ-sNQjV5Km",
          "checksum": "d2ba59f90f292cc98380cc92fa2317d2"
        },
        {
          "type": "icon",
          "assetId": "gQ7oPzEevhWg-l",
          "checksum": "37e3002155484d0bd8bc6b093ec1c905"
        },
        {
          "type": "icon",
          "assetId": "NQfuECH3tktxt8",
          "checksum": "764ca070c835f866da4c9ccfa4996b8e"
        },
        {
          "type": "icon",
          "assetId": "EAc-14LpkMl0rL",
          "checksum": "efad87ceb34c087f5eab274783f66321"
        },
        {
          "type": "icon",
          "assetId": "PDTPUbgo_ErgN5",
          "checksum": "1d3f4fd41cba9c798b3074b060a50fad"
        },
        {
          "type": "image",
          "assetId": "mzQjSwr1HSR8B0",
          "checksum": "b0d82ee6a97477f08fda51f300da4261"
        },
        {
          "type": "image",
          "assetId": "L7Y56zg6-4HXO8",
          "checksum": "9ec486fa892ca1fd62932787d2ae95f1"
        },
        {
          "type": "image",
          "assetId": "hQmD_unM1yUZZB",
          "checksum": "ff1e8a58fc3c29ff210fb06d06f6e9de"
        },
        {
          "type": "image",
          "assetId": "oUtNOuAnib4HQW",
          "checksum": "7b2148480f2f6ee9d8d745b9ec08c2a5"
        },
        {
          "type": "image",
          "assetId": "tLIfUBYU2CSnJg",
          "checksum": "bf5e23ac5a73e4249dee86675fce4782"
        },
        {
          "type": "image",
          "assetId": "LkHj8iYr2jDxVw",
          "checksum": "de5ec90ba15958173827ca3074ce293c"
        },
        {
          "type": "image",
          "assetId": "IJO7v0zQ_lMcnM",
          "checksum": "9044e4e6c1931f608d48f6cc872d9834"
        },
        {
          "type": "image",
          "assetId": "7h2kpwx2PVcrhl",
          "checksum": "5d059fb22cc4d2ff68720d29f1077a3c"
        },
        {
          "type": "image",
          "assetId": "jbz9pxpKOiSE4w",
          "checksum": "5fcb1697cacbbbbf9f2732b468d7e3a7"
        },
        {
          "type": "image",
          "assetId": "LadHwL79X_8LhI",
          "checksum": "ce8a3f3c8f575ab88493ed5d3bca1f6c"
        },
        {
          "type": "image",
          "assetId": "rMcHIOAYw8fY2o",
          "checksum": "48f6deae7b0abb06589ffe691ec93103"
        },
        {
          "type": "image",
          "assetId": "RscJqi_vJJVmc8",
          "checksum": "4b643ee69910cc238bbbbbbc7a90b97d"
        },
        {
          "type": "image",
          "assetId": "EZOAQggvuk56qX",
          "checksum": "0e436ab7485f9eec8fa33db4149f2351"
        },
        {
          "type": "image",
          "assetId": "qlqof3tv2gKcQt",
          "checksum": "c0424ac80049ae77fc4977a60ffbce10"
        },
        {
          "type": "image",
          "assetId": "TLC9F5uAbPg7U7",
          "checksum": "be8c401fafb6eab3ca239c3d4b101228"
        },
        {
          "type": "image",
          "assetId": "cc_udeeYzJyXsA",
          "checksum": "8759c1d2e8fab4bb09b3cb6f2bea206f"
        },
        {
          "type": "image",
          "assetId": "Lxy-zu76T_l_6X",
          "checksum": "56912bf05df4b7e94ce0708564bb19db"
        },
        {
          "type": "image",
          "assetId": "71Rg9OlIskcNq5",
          "checksum": "06be1a8a1e7413606d8638c0a2f609ba"
        },
        {
          "type": "image",
          "assetId": "ttuJOIusE9hncC",
          "checksum": "c740e5e710a8681f473b708cd1d380ca"
        },
        {
          "type": "image",
          "assetId": "OwdpM2zyoblio7",
          "checksum": "924a321b740dddbba5ecec4603936589"
        },
        {
          "type": "image",
          "assetId": "R7GevLOO5ITtwV",
          "checksum": "72912748fba9ed1989658a555a827810"
        },
        {
          "type": "image",
          "assetId": "1nNgPMx1_DnmCB",
          "checksum": "4f48a0ab75a3054939928859c49836a7"
        },
        {
          "type": "image",
          "assetId": "y9k_LPgYsvuE_A",
          "checksum": "6ff8ab80ae3e3c47c511715a3169d755"
        },
        {
          "type": "image",
          "assetId": "gG6mvg8dMRtgwe",
          "checksum": "5a7c7ec347c18ae3c7740e93e962cf01"
        },
        {
          "type": "image",
          "assetId": "qc05OzDNkKKQsb",
          "checksum": "da19a9407669b0df8bf1030ed1ac1449"
        },
        {
          "type": "image",
          "assetId": "DQtCSHqW5aNA8e",
          "checksum": "b7da7d17fb5e4b36820f52d559b2bdd5"
        },
        {
          "type": "image",
          "assetId": "kKDNAWFFiXy93a",
          "checksum": "8ba46dff390ad2224813c97582bd96d2"
        },
        {
          "type": "image",
          "assetId": "0KF1VVI2wj7Utg",
          "checksum": "ab27e091fdc51f18d7a688678861441c"
        },
        {
          "type": "image",
          "assetId": "DKuttSjl6dFXJb",
          "checksum": "a3f36e3f843c02b2d86cd150d2983e8d"
        },
        {
          "type": "image",
          "assetId": "tSPo2C9x8Y5z6i",
          "checksum": "80d626df9fae93f524b3644c10fa7878"
        },
        {
          "type": "image",
          "assetId": "1f2D1mgCbx3z7i",
          "checksum": "8b19562f57436dc6d8e792bfdaf42c09"
        },
        {
          "type": "image",
          "assetId": "BNbCObOlwzXZI8",
          "checksum": "472c06d45b977d405443264ff596cf0f"
        },
        {
          "type": "image",
          "assetId": "4MVv4wjJ6Vzl7c",
          "checksum": "d5fd1fc48c1ce87c264e0717b6b06f8f"
        },
        {
          "type": "image",
          "assetId": "WRZlVZ9Uqdo31-",
          "checksum": "6e9216183732cc81a765cd0fc8aa1b3f"
        },
        {
          "type": "image",
          "assetId": "QQC4KIMHGSQNGp",
          "checksum": "3ebbc397655426b4ae38a707224950db"
        },
        {
          "type": "image",
          "assetId": "TByDgCE_BUtT2V",
          "checksum": "c5c4dbdb71eadc4d6307f296a9c9faed"
        },
        {
          "type": "image",
          "assetId": "D4uKbxHKvXgpDE",
          "checksum": "4fc84aa5788c9414db30c1cf4d295e5c"
        },
        {
          "type": "image",
          "assetId": "0cX6alkNe3Adn8",
          "checksum": "c9fa58bbf19187ea90ee251fb1117c79"
        },
        {
          "type": "image",
          "assetId": "eoCRJZBBikSt6G",
          "checksum": "ea99f3b77b56ae13fa5d7c1b66d2626e"
        },
        {
          "type": "image",
          "assetId": "qEgMsQJ_FUWt-9",
          "checksum": "e0e3cce852d9b5dfbca5d9f4e7800c8f"
        },
        {
          "type": "image",
          "assetId": "BgjzpfcFjO8Quh",
          "checksum": "622cc15074b228618d549ffbb75e16a4"
        },
        {
          "type": "image",
          "assetId": "fexKusoSQa-t0c",
          "checksum": "7d3efd14b5ff9e74332c414b53079fe9"
        },
        {
          "type": "image",
          "assetId": "fleQFQwJ4TXmtg",
          "checksum": "48fa8ea4070310dd29f4d63127323e7e"
        },
        {
          "type": "image",
          "assetId": "nzZEbGZQYioHZl",
          "checksum": "73db80e01c6db4ca870fc74a2cb703b5"
        },
        {
          "type": "image",
          "assetId": "29Yxy70kQeGFtB",
          "checksum": "d7b3f629be14def4328a9056a836c3ef"
        },
        {
          "type": "image",
          "assetId": "X-0xta-s-4Whli",
          "checksum": "ecef00c2f599118c52140c8a8c74a3ad"
        },
        {
          "type": "image",
          "assetId": "ovFbPHxrjm6QCU",
          "checksum": "975ff1beacfb412de90cbd664215a3c0"
        },
        {
          "type": "image",
          "assetId": "0QoJRhCLJpeIDH",
          "checksum": "bf3dc029fa863af260f32ee0070fd087"
        },
        {
          "type": "image",
          "assetId": "Jc4nK1H4fWikX-",
          "checksum": "aa72f4823ac5dcd42dd574841bd94105"
        },
        {
          "type": "image",
          "assetId": "qHrV80XngpnasW",
          "checksum": "7b1dfb0d6c65361d6194e38d03b5975e"
        },
        {
          "type": "image",
          "assetId": "kNMO8amFIoYX9z",
          "checksum": "6c61ce882f321fa859105fd14db6f3f5"
        },
        {
          "type": "image",
          "assetId": "z5o-1YClGkrYap",
          "checksum": "9fd4890fd5bc6a9a9ecd53bf09041a75"
        },
        {
          "type": "image",
          "assetId": "PltMBBwoDc_Hm0",
          "checksum": "633330b22c08d257dd01effa23e21fe2"
        },
        {
          "type": "image",
          "assetId": "1yo0pMNtd7CXQg",
          "checksum": "c5eb74f2802b6e0df1f663910c6dd7a7"
        },
        {
          "type": "image",
          "assetId": "zH7lAGkwy7MdeR",
          "checksum": "47c6f6d0c5bda411a4e603ae83ff3d33"
        },
        {
          "type": "image",
          "assetId": "GX3CAFySRxcL2p",
          "checksum": "0e52af5f122a2ac1a0e25cea91aabe90"
        },
        {
          "type": "image",
          "assetId": "0octR-XKwHuCt1",
          "checksum": "1f3f76a5afc85dccbb0420fd3dcf7d66"
        },
        {
          "type": "image",
          "assetId": "oWrmnnTg8aJS-q",
          "checksum": "0bc2d141a873490c1119d55e496e26e2"
        },
        {
          "type": "image",
          "assetId": "qc14pUmxNaZ2om",
          "checksum": "565f322b718ec0a63a1375fd645ba68f"
        },
        {
          "type": "image",
          "assetId": "OiNefRXKoT4SWD",
          "checksum": "7873f11775e72cf26695f66222d143c4"
        },
        {
          "type": "image",
          "assetId": "HAuf3kkn5fk2J_",
          "checksum": "d3e5a2c1df9eeb15fee72c7c3b98b838"
        },
        {
          "type": "image",
          "assetId": "WTkxAvSgWTS9Jj",
          "checksum": "abe9095fe99ab3d51696f7dd183f3d5a"
        },
        {
          "type": "image",
          "assetId": "F1lX5-ta3FMJd1",
          "checksum": "bd7af7bb4a5ff99f30b0f7d8f5959a74"
        },
        {
          "type": "image",
          "assetId": "VmaY6PDxeUQv0_",
          "checksum": "7daad4c9e9bd58f8f8710a32bc62da91"
        },
        {
          "type": "image",
          "assetId": "iLFQGGw-TM1K-B",
          "checksum": "6ce5c296228958769cdf713c3c4ff61b"
        },
        {
          "type": "image",
          "assetId": "1_dwgny4kunPiW",
          "checksum": "5a8a347163356470848ed17a9526fedc"
        },
        {
          "type": "image",
          "assetId": "eqZK6OU2vo_zHJ",
          "checksum": "e48a36151cb0de2c02b96389fbb7ad97"
        },
        {
          "type": "image",
          "assetId": "uS3mIZUGI8OsL7",
          "checksum": "5cb23f28291e9d97576d20ea4ecb28d5"
        },
        {
          "type": "image",
          "assetId": "xcdVvFVkT2X8J6",
          "checksum": "b4d2e80241ab07a41353cd68317d70ec"
        },
        {
          "type": "image",
          "assetId": "dgJWvw1JjwJuEI",
          "checksum": "92cb23ed4848aa908974f0bebc766cc6"
        },
        {
          "type": "image",
          "assetId": "7YXw56Ww6R9oSh",
          "checksum": "6557b9babb437d93532c813b87c5a6e2"
        },
        {
          "type": "image",
          "assetId": "-MuyYbjUpLS1Eo",
          "checksum": "63f9e619c4ca7e8cb7f01fe259243ebc"
        },
        {
          "type": "image",
          "assetId": "1Jp-eC-uLBCX4p",
          "checksum": "78f28cdb2fa32925100fbb56a3b96469"
        },
        {
          "type": "image",
          "assetId": "aNU4We-MpMp837",
          "checksum": "7a73e461c0c826d463dc86000dd05a53"
        }
      ],
      "codegenVersion": "0.0.1"
    }
  ],
  "cliVersion": "0.1.184"
}
